# This file is automatically @generated by Cargo.
# It is not intended for manual editing.
version = 3

[[package]]
name = "honours-project-code"
version = "0.1.0"
dependencies = [
 "html5tokenizer",
]

[[package]]
name = "html5tokenizer"
version = "0.5.2"
source = "registry+https://github.com/rust-lang/crates.io-index"
checksum = "7f0913f97f19bf45cdef63d2cb153c388ef57267984d7a15a4ef678e0da29afe"
